
Microsoft Visual Studio Solution File, Format Version 11.00
# Visual Web Developer Express 2010
Project("{FAE04EC0-301F-11D3-BF4B-00C04F79EFBC}") = "TCS.ISMS.Types", "TCS.ISMS.Types\TCS.ISMS.Types.csproj", "{E88BCDF5-60F3-4C41-90C9-E2451B5DDBD6}"
EndProject
Project("{FAE04EC0-301F-11D3-BF4B-00C04F79EFBC}") = "TCS.ISMS.BO", "TCS.ISMS.BO\TCS.ISMS.BO.csproj", "{247DC1B0-4DB7-4861-8068-65C296833291}"
EndProject
Project("{FAE04EC0-301F-11D3-BF4B-00C04F79EFBC}") = "TCS.ISMS.BOFactory", "TCS.ISMS.BOFactory\TCS.ISMS.BOFactory.csproj", "{098D5445-6291-41D1-ABA6-2D70949663E6}"
EndProject
Project("{FAE04EC0-301F-11D3-BF4B-00C04F79EFBC}") = "TCS.ISMS.DAL", "TCS.ISMS.DAL\TCS.ISMS.DAL.csproj", "{87BD3D65-6FF3-4E88-84FE-44A9655B7214}"
EndProject
Project("{FAE04EC0-301F-11D3-BF4B-00C04F79EFBC}") = "TCS.ISMS.DALFactory", "TCS.ISMS.DALFactory\TCS.ISMS.DALFactory.csproj", "{B4927538-16EB-4B08-B280-04AFBD023377}"
EndProject
Project("{FAE04EC0-301F-11D3-BF4B-00C04F79EFBC}") = "TCS.ISMS.BLL", "TCS.ISMS.BLL\TCS.ISMS.BLL.csproj", "{FBC4519E-8D3E-4960-869B-0CFE866F49A7}"
EndProject
Project("{FAE04EC0-301F-11D3-BF4B-00C04F79EFBC}") = "TCS.ISMS.BLLFactory", "TCS.ISMS.BLLFactory\TCS.ISMS.BLLFactory.csproj", "{68F43437-A59F-45AB-9413-C7DA628BD3A8}"
EndProject
Project("{FAE04EC0-301F-11D3-BF4B-00C04F79EFBC}") = "TCS.ISMS.UI", "TCS.ISMS.UI\TCS.ISMS.UI.csproj", "{819BFF57-2ECF-4AD2-B25B-E9E8C877B84F}"
EndProject
Global
	GlobalSection(SolutionConfigurationPlatforms) = preSolution
		Debug|Any CPU = Debug|Any CPU
		Release|Any CPU = Release|Any CPU
	EndGlobalSection
	GlobalSection(ProjectConfigurationPlatforms) = postSolution
		{E88BCDF5-60F3-4C41-90C9-E2451B5DDBD6}.Debug|Any CPU.ActiveCfg = Debug|Any CPU
		{E88BCDF5-60F3-4C41-90C9-E2451B5DDBD6}.Debug|Any CPU.Build.0 = Debug|Any CPU
		{E88BCDF5-60F3-4C41-90C9-E2451B5DDBD6}.Release|Any CPU.ActiveCfg = Release|Any CPU
		{E88BCDF5-60F3-4C41-90C9-E2451B5DDBD6}.Release|Any CPU.Build.0 = Release|Any CPU
		{247DC1B0-4DB7-4861-8068-65C296833291}.Debug|Any CPU.ActiveCfg = Debug|Any CPU
		{247DC1B0-4DB7-4861-8068-65C296833291}.Debug|Any CPU.Build.0 = Debug|Any CPU
		{247DC1B0-4DB7-4861-8068-65C296833291}.Release|Any CPU.ActiveCfg = Release|Any CPU
		{247DC1B0-4DB7-4861-8068-65C296833291}.Release|Any CPU.Build.0 = Release|Any CPU
		{098D5445-6291-41D1-ABA6-2D70949663E6}.Debug|Any CPU.ActiveCfg = Debug|Any CPU
		{098D5445-6291-41D1-ABA6-2D70949663E6}.Debug|Any CPU.Build.0 = Debug|Any CPU
		{098D5445-6291-41D1-ABA6-2D70949663E6}.Release|Any CPU.ActiveCfg = Release|Any CPU
		{098D5445-6291-41D1-ABA6-2D70949663E6}.Release|Any CPU.Build.0 = Release|Any CPU
		{87BD3D65-6FF3-4E88-84FE-44A9655B7214}.Debug|Any CPU.ActiveCfg = Debug|Any CPU
		{87BD3D65-6FF3-4E88-84FE-44A9655B7214}.Debug|Any CPU.Build.0 = Debug|Any CPU
		{87BD3D65-6FF3-4E88-84FE-44A9655B7214}.Release|Any CPU.ActiveCfg = Release|Any CPU
		{87BD3D65-6FF3-4E88-84FE-44A9655B7214}.Release|Any CPU.Build.0 = Release|Any CPU
		{B4927538-16EB-4B08-B280-04AFBD023377}.Debug|Any CPU.ActiveCfg = Debug|Any CPU
		{B4927538-16EB-4B08-B280-04AFBD023377}.Debug|Any CPU.Build.0 = Debug|Any CPU
		{B4927538-16EB-4B08-B280-04AFBD023377}.Release|Any CPU.ActiveCfg = Release|Any CPU
		{B4927538-16EB-4B08-B280-04AFBD023377}.Release|Any CPU.Build.0 = Release|Any CPU
		{FBC4519E-8D3E-4960-869B-0CFE866F49A7}.Debug|Any CPU.ActiveCfg = Debug|Any CPU
		{FBC4519E-8D3E-4960-869B-0CFE866F49A7}.Debug|Any CPU.Build.0 = Debug|Any CPU
		{FBC4519E-8D3E-4960-869B-0CFE866F49A7}.Release|Any CPU.ActiveCfg = Release|Any CPU
		{FBC4519E-8D3E-4960-869B-0CFE866F49A7}.Release|Any CPU.Build.0 = Release|Any CPU
		{68F43437-A59F-45AB-9413-C7DA628BD3A8}.Debug|Any CPU.ActiveCfg = Debug|Any CPU
		{68F43437-A59F-45AB-9413-C7DA628BD3A8}.Debug|Any CPU.Build.0 = Debug|Any CPU
		{68F43437-A59F-45AB-9413-C7DA628BD3A8}.Release|Any CPU.ActiveCfg = Release|Any CPU
		{68F43437-A59F-45AB-9413-C7DA628BD3A8}.Release|Any CPU.Build.0 = Release|Any CPU
		{819BFF57-2ECF-4AD2-B25B-E9E8C877B84F}.Debug|Any CPU.ActiveCfg = Debug|Any CPU
		{819BFF57-2ECF-4AD2-B25B-E9E8C877B84F}.Debug|Any CPU.Build.0 = Debug|Any CPU
		{819BFF57-2ECF-4AD2-B25B-E9E8C877B84F}.Release|Any CPU.ActiveCfg = Release|Any CPU
		{819BFF57-2ECF-4AD2-B25B-E9E8C877B84F}.Release|Any CPU.Build.0 = Release|Any CPU
	EndGlobalSection
	GlobalSection(SolutionProperties) = preSolution
		HideSolutionNode = FALSE
	EndGlobalSection
EndGlobal
